Microsoft Visual Studio Solution File, Format Version 11.00
# Visual Studio 2008

Project("{82D37D79-0055-D7F6-6F39-AEE86D2B8749}") = "Astral", "Assembly-CSharp.csproj", "{C48828EE-8081-5EB1-22F1-2243340189AF}"
EndProject
Global
	GlobalSection(SolutionConfigurationPlatforms) = preSolution
		Debug|Any CPU = Debug|Any CPU
		Release|Any CPU = Release|Any CPU
	EndGlobalSection
	GlobalSection(ProjectConfigurationPlatforms) = postSolution
		{C48828EE-8081-5EB1-22F1-2243340189AF}.Debug|Any CPU.ActiveCfg = Debug|Any CPU
		{C48828EE-8081-5EB1-22F1-2243340189AF}.Debug|Any CPU.Build.0 = Debug|Any CPU
		{C48828EE-8081-5EB1-22F1-2243340189AF}.Release|Any CPU.ActiveCfg = Release|Any CPU
		{C48828EE-8081-5EB1-22F1-2243340189AF}.Release|Any CPU.Build.0 = Release|Any CPU
	EndGlobalSection
	GlobalSection(SolutionProperties) = preSolution
		HideSolutionNode = FALSE
	EndGlobalSection
	GlobalSection(MonoDevelopProperties) = preSolution
		StartupItem = Assembly-CSharp.csproj
	EndGlobalSection
EndGlobal
